
Microsoft Visual Studio Solution File, Format Version 12.00
# Visual Studio Version 17
VisualStudioVersion = 17.2.32519.379
MinimumVisualStudioVersion = 10.0.40219.1
Project("{FAE04EC0-301F-11D3-BF4B-00C04F79EFBC}") = "Game Jokenpo", "Game Jokenpo\Game Jokenpo.csproj", "{4A682D75-493A-44C0-8D92-73F0A4205CC9}"
EndProject
Global
	GlobalSection(SolutionConfigurationPlatforms) = preSolution
		Debug|Any CPU = Debug|Any CPU
		Release|Any CPU = Release|Any CPU
	EndGlobalSection
	GlobalSection(ProjectConfigurationPlatforms) = postSolution
		{4A682D75-493A-44C0-8D92-73F0A4205CC9}.Debug|Any CPU.ActiveCfg = Debug|Any CPU
		{4A682D75-493A-44C0-8D92-73F0A4205CC9}.Debug|Any CPU.Build.0 = Debug|Any CPU
		{4A682D75-493A-44C0-8D92-73F0A4205CC9}.Release|Any CPU.ActiveCfg = Release|Any CPU
		{4A682D75-493A-44C0-8D92-73F0A4205CC9}.Release|Any CPU.Build.0 = Release|Any CPU
	EndGlobalSection
	GlobalSection(SolutionProperties) = preSolution
		HideSolutionNode = FALSE
	EndGlobalSection
	GlobalSection(ExtensibilityGlobals) = postSolution
		SolutionGuid = {D1E1EEDE-642A-4FA1-916A-28453FA64FBD}
	EndGlobalSection
EndGlobal
